
Microsoft Visual Studio Solution File, Format Version 12.00
# Visual Studio Version 17
VisualStudioVersion = 17.7.34024.191
MinimumVisualStudioVersion = 10.0.40219.1
Project("{9A19103F-16F7-4668-BE54-9A1E7A4F7556}") = "recipes", "recipes\recipes.csproj", "{F2DF3A47-9317-44AC-AB21-59F7B8F1A77A}"
EndProject
Project("{9A19103F-16F7-4668-BE54-9A1E7A4F7556}") = "Repository", "Repository\Repository.csproj", "{EDB472B0-194D-48F5-8441-D7CB975F86F2}"
EndProject
Project("{9A19103F-16F7-4668-BE54-9A1E7A4F7556}") = "Service", "Service\Service.csproj", "{8A3A533C-B964-44D2-A654-9ABBD046A37F}"
EndProject
Project("{9A19103F-16F7-4668-BE54-9A1E7A4F7556}") = "Common", "Common\Common.csproj", "{66C89473-EBDF-4B01-B137-68EE8523FDE2}"
EndProject
Project("{FAE04EC0-301F-11D3-BF4B-00C04F79EFBC}") = "DataContext", "DataContext\DataContext.csproj", "{160985E3-EC30-4329-8A11-841FDCB115E8}"
EndProject
Global
	GlobalSection(SolutionConfigurationPlatforms) = preSolution
		Debug|Any CPU = Debug|Any CPU
		Release|Any CPU = Release|Any CPU
	EndGlobalSection
	GlobalSection(ProjectConfigurationPlatforms) = postSolution
		{F2DF3A47-9317-44AC-AB21-59F7B8F1A77A}.Debug|Any CPU.ActiveCfg = Debug|Any CPU
		{F2DF3A47-9317-44AC-AB21-59F7B8F1A77A}.Debug|Any CPU.Build.0 = Debug|Any CPU
		{F2DF3A47-9317-44AC-AB21-59F7B8F1A77A}.Release|Any CPU.ActiveCfg = Release|Any CPU
		{F2DF3A47-9317-44AC-AB21-59F7B8F1A77A}.Release|Any CPU.Build.0 = Release|Any CPU
		{EDB472B0-194D-48F5-8441-D7CB975F86F2}.Debug|Any CPU.ActiveCfg = Debug|Any CPU
		{EDB472B0-194D-48F5-8441-D7CB975F86F2}.Debug|Any CPU.Build.0 = Debug|Any CPU
		{EDB472B0-194D-48F5-8441-D7CB975F86F2}.Release|Any CPU.ActiveCfg = Release|Any CPU
		{EDB472B0-194D-48F5-8441-D7CB975F86F2}.Release|Any CPU.Build.0 = Release|Any CPU
		{8A3A533C-B964-44D2-A654-9ABBD046A37F}.Debug|Any CPU.ActiveCfg = Debug|Any CPU
		{8A3A533C-B964-44D2-A654-9ABBD046A37F}.Debug|Any CPU.Build.0 = Debug|Any CPU
		{8A3A533C-B964-44D2-A654-9ABBD046A37F}.Release|Any CPU.ActiveCfg = Release|Any CPU
		{8A3A533C-B964-44D2-A654-9ABBD046A37F}.Release|Any CPU.Build.0 = Release|Any CPU
		{66C89473-EBDF-4B01-B137-68EE8523FDE2}.Debug|Any CPU.ActiveCfg = Debug|Any CPU
		{66C89473-EBDF-4B01-B137-68EE8523FDE2}.Debug|Any CPU.Build.0 = Debug|Any CPU
		{66C89473-EBDF-4B01-B137-68EE8523FDE2}.Release|Any CPU.ActiveCfg = Release|Any CPU
		{66C89473-EBDF-4B01-B137-68EE8523FDE2}.Release|Any CPU.Build.0 = Release|Any CPU
		{160985E3-EC30-4329-8A11-841FDCB115E8}.Debug|Any CPU.ActiveCfg = Debug|Any CPU
		{160985E3-EC30-4329-8A11-841FDCB115E8}.Debug|Any CPU.Build.0 = Debug|Any CPU
		{160985E3-EC30-4329-8A11-841FDCB115E8}.Release|Any CPU.ActiveCfg = Release|Any CPU
		{160985E3-EC30-4329-8A11-841FDCB115E8}.Release|Any CPU.Build.0 = Release|Any CPU
	EndGlobalSection
	GlobalSection(SolutionProperties) = preSolution
		HideSolutionNode = FALSE
	EndGlobalSection
	GlobalSection(ExtensibilityGlobals) = postSolution
		SolutionGuid = {CD5C6C48-4AE1-42DC-8253-FF43D16CD385}
	EndGlobalSection
EndGlobal
